// !$*UTF8*$!
{
	archiveVersion = 1;
	classes = {
	};
	objectVersion = 56;
	objects = {

/* Begin PBXBuildFile section */
		E2607D7A2922EF4E0032DE45 /* SettingsView.swift in Sources */ = {isa = PBXBuildFile; fileRef = E2607D792922EF4E0032DE45 /* SettingsView.swift */; };
		E2650E49291C4DAB007D365D /* SQLite in Frameworks */ = {isa = PBXBuildFile; productRef = E2650E48291C4DAB007D365D /* SQLite */; };
		E2650E4D291D95D3007D365D /* ProductService.swift in Sources */ = {isa = PBXBuildFile; fileRef = E2650E4C291D95D3007D365D /* ProductService.swift */; };
		E2650E51291D9A73007D365D /* HomeView.swift in Sources */ = {isa = PBXBuildFile; fileRef = E2650E50291D9A73007D365D /* HomeView.swift */; };
		E2650E53291DBB95007D365D /* AddProductView.swift in Sources */ = {isa = PBXBuildFile; fileRef = E2650E52291DBB95007D365D /* AddProductView.swift */; };
		E26B658E29410E7D008F8C7A /* AuthService.swift in Sources */ = {isa = PBXBuildFile; fileRef = E26B658D29410E7D008F8C7A /* AuthService.swift */; };
		E26B659129411563008F8C7A /* FirebaseAuth in Frameworks */ = {isa = PBXBuildFile; productRef = E26B659029411563008F8C7A /* FirebaseAuth */; };
		E26B6595294115AA008F8C7A /* AuthView.swift in Sources */ = {isa = PBXBuildFile; fileRef = E26B6594294115AA008F8C7A /* AuthView.swift */; };
		E26B659A294118F6008F8C7A /* FirebaseDatabase in Frameworks */ = {isa = PBXBuildFile; productRef = E26B6599294118F6008F8C7A /* FirebaseDatabase */; };
		E26B659C294118F6008F8C7A /* FirebaseDatabaseSwift in Frameworks */ = {isa = PBXBuildFile; productRef = E26B659B294118F6008F8C7A /* FirebaseDatabaseSwift */; };
		E2786513291826CE00CA6849 /* SMBApp.swift in Sources */ = {isa = PBXBuildFile; fileRef = E2786512291826CE00CA6849 /* SMBApp.swift */; };
		E2786515291826CE00CA6849 /* ListView.swift in Sources */ = {isa = PBXBuildFile; fileRef = E2786514291826CE00CA6849 /* ListView.swift */; };
		E2786517291826CF00CA6849 /* Assets.xcassets in Resources */ = {isa = PBXBuildFile; fileRef = E2786516291826CF00CA6849 /* Assets.xcassets */; };
		E278651A291826CF00CA6849 /* Preview Assets.xcassets in Resources */ = {isa = PBXBuildFile; fileRef = E2786519291826CF00CA6849 /* Preview Assets.xcassets */; };
		E27865232918295600CA6849 /* Product.swift in Sources */ = {isa = PBXBuildFile; fileRef = E27865222918295600CA6849 /* Product.swift */; };
		E2F1EC1B2947D7770007BC70 /* GoogleService-Info.plist in Resources */ = {isa = PBXBuildFile; fileRef = E2F1EC1A2947D7770007BC70 /* GoogleService-Info.plist */; };
/* End PBXBuildFile section */

/* Begin PBXFileReference section */
		E2607D792922EF4E0032DE45 /* SettingsView.swift */ = {isa = PBXFileReference; lastKnownFileType = sourcecode.swift; path = SettingsView.swift; sourceTree = "<group>"; };
		E2650E4C291D95D3007D365D /* ProductService.swift */ = {isa = PBXFileReference; lastKnownFileType = sourcecode.swift; path = ProductService.swift; sourceTree = "<group>"; };
		E2650E50291D9A73007D365D /* HomeView.swift */ = {isa = PBXFileReference; lastKnownFileType = sourcecode.swift; path = HomeView.swift; sourceTree = "<group>"; };
		E2650E52291DBB95007D365D /* AddProductView.swift */ = {isa = PBXFileReference; lastKnownFileType = sourcecode.swift; path = AddProductView.swift; sourceTree = "<group>"; };
		E26B658D29410E7D008F8C7A /* AuthService.swift */ = {isa = PBXFileReference; lastKnownFileType = sourcecode.swift; path = AuthService.swift; sourceTree = "<group>"; };
		E26B6594294115AA008F8C7A /* AuthView.swift */ = {isa = PBXFileReference; lastKnownFileType = sourcecode.swift; path = AuthView.swift; sourceTree = "<group>"; };
		E278650F291826CE00CA6849 /* SMB.app */ = {isa = PBXFileReference; explicitFileType = wrapper.application; includeInIndex = 0; path = SMB.app; sourceTree = BUILT_PRODUCTS_DIR; };
		E2786512291826CE00CA6849 /* SMBApp.swift */ = {isa = PBXFileReference; lastKnownFileType = sourcecode.swift; path = SMBApp.swift; sourceTree = "<group>"; };
		E2786514291826CE00CA6849 /* ListView.swift */ = {isa = PBXFileReference; lastKnownFileType = sourcecode.swift; path = ListView.swift; sourceTree = "<group>"; };
		E2786516291826CF00CA6849 /* Assets.xcassets */ = {isa = PBXFileReference; lastKnownFileType = folder.assetcatalog; path = Assets.xcassets; sourceTree = "<group>"; };
		E2786519291826CF00CA6849 /* Preview Assets.xcassets */ = {isa = PBXFileReference; lastKnownFileType = folder.assetcatalog; path = "Preview Assets.xcassets"; sourceTree = "<group>"; };
		E27865222918295600CA6849 /* Product.swift */ = {isa = PBXFileReference; lastKnownFileType = sourcecode.swift; path = Product.swift; sourceTree = "<group>"; };
		E2F1EC1A2947D7770007BC70 /* GoogleService-Info.plist */ = {isa = PBXFileReference; fileEncoding = 4; lastKnownFileType = text.plist.xml; path = "GoogleService-Info.plist"; sourceTree = "<group>"; };
/* End PBXFileReference section */

/* Begin PBXFrameworksBuildPhase section */
		E278650C291826CE00CA6849 /* Frameworks */ = {
			isa = PBXFrameworksBuildPhase;
			buildActionMask = 2147483647;
			files = (
				E26B659C294118F6008F8C7A /* FirebaseDatabaseSwift in Frameworks */,
				E26B659A294118F6008F8C7A /* FirebaseDatabase in Frameworks */,
				E2650E49291C4DAB007D365D /* SQLite in Frameworks */,
				E26B659129411563008F8C7A /* FirebaseAuth in Frameworks */,
			);
			runOnlyForDeploymentPostprocessing = 0;
		};
/* End PBXFrameworksBuildPhase section */

/* Begin PBXGroup section */
		E2650E4E291D9A1E007D365D /* Product */ = {
			isa = PBXGroup;
			children = (
				E2650E4C291D95D3007D365D /* ProductService.swift */,
				E27865222918295600CA6849 /* Product.swift */,
			);
			path = Product;
			sourceTree = "<group>";
		};
		E2650E4F291D9A49007D365D /* View */ = {
			isa = PBXGroup;
			children = (
				E2650E50291D9A73007D365D /* HomeView.swift */,
				E2607D792922EF4E0032DE45 /* SettingsView.swift */,
				E2786514291826CE00CA6849 /* ListView.swift */,
				E2650E52291DBB95007D365D /* AddProductView.swift */,
			);
			path = View;
			sourceTree = "<group>";
		};
		E26B6598294118F6008F8C7A /* Frameworks */ = {
			isa = PBXGroup;
			children = (
			);
			name = Frameworks;
			sourceTree = "<group>";
		};
		E2786506291826CE00CA6849 = {
			isa = PBXGroup;
			children = (
				E2786511291826CE00CA6849 /* SMB */,
				E2786510291826CE00CA6849 /* Products */,
				E26B6598294118F6008F8C7A /* Frameworks */,
			);
			sourceTree = "<group>";
		};
		E2786510291826CE00CA6849 /* Products */ = {
			isa = PBXGroup;
			children = (
				E278650F291826CE00CA6849 /* SMB.app */,
			);
			name = Products;
			sourceTree = "<group>";
		};
		E2786511291826CE00CA6849 /* SMB */ = {
			isa = PBXGroup;
			children = (
				E2F1EC1A2947D7770007BC70 /* GoogleService-Info.plist */,
				E2786512291826CE00CA6849 /* SMBApp.swift */,
				E2F1EC172947D04C0007BC70 /* Auth */,
				E2650E4F291D9A49007D365D /* View */,
				E2650E4E291D9A1E007D365D /* Product */,
				E2786516291826CF00CA6849 /* Assets.xcassets */,
				E2786518291826CF00CA6849 /* Preview Content */,
			);
			path = SMB;
			sourceTree = "<group>";
		};
		E2786518291826CF00CA6849 /* Preview Content */ = {
			isa = PBXGroup;
			children = (
				E2786519291826CF00CA6849 /* Preview Assets.xcassets */,
			);
			path = "Preview Content";
			sourceTree = "<group>";
		};
		E2F1EC172947D04C0007BC70 /* Auth */ = {
			isa = PBXGroup;
			children = (
				E26B658D29410E7D008F8C7A /* AuthService.swift */,
				E26B6594294115AA008F8C7A /* AuthView.swift */,
			);
			path = Auth;
			sourceTree = "<group>";
		};
/* End PBXGroup section */

/* Begin PBXNativeTarget section */
		E278650E291826CE00CA6849 /* SMB */ = {
			isa = PBXNativeTarget;
			buildConfigurationList = E278651D291826CF00CA6849 /* Build configuration list for PBXNativeTarget "SMB" */;
			buildPhases = (
				E278650B291826CE00CA6849 /* Sources */,
				E278650C291826CE00CA6849 /* Frameworks */,
				E278650D291826CE00CA6849 /* Resources */,
			);
			buildRules = (
			);
			dependencies = (
			);
			name = SMB;
			packageProductDependencies = (
				E2650E48291C4DAB007D365D /* SQLite */,
				E26B659029411563008F8C7A /* FirebaseAuth */,
				E26B6599294118F6008F8C7A /* FirebaseDatabase */,
				E26B659B294118F6008F8C7A /* FirebaseDatabaseSwift */,
			);
			productName = SMB;
			productReference = E278650F291826CE00CA6849 /* SMB.app */;
			productType = "com.apple.product-type.application";
		};
/* End PBXNativeTarget section */

/* Begin PBXProject section */
		E2786507291826CE00CA6849 /* Project object */ = {
			isa = PBXProject;
			attributes = {
				BuildIndependentTargetsInParallel = 1;
				LastSwiftUpdateCheck = 1410;
				LastUpgradeCheck = 1410;
				TargetAttributes = {
					E278650E291826CE00CA6849 = {
						CreatedOnToolsVersion = 14.1;
					};
				};
			};
			buildConfigurationList = E278650A291826CE00CA6849 /* Build configuration list for PBXProject "SMB" */;
			compatibilityVersion = "Xcode 14.0";
			developmentRegion = en;
			hasScannedForEncodings = 0;
			knownRegions = (
				en,
				Base,
			);
			mainGroup = E2786506291826CE00CA6849;
			packageReferences = (
				E2650E47291C4DAB007D365D /* XCRemoteSwiftPackageReference "SQLite.swift" */,
				E26B658F29411563008F8C7A /* XCRemoteSwiftPackageReference "firebase-ios-sdk" */,
			);
			productRefGroup = E2786510291826CE00CA6849 /* Products */;
			projectDirPath = "";
			projectRoot = "";
			targets = (
				E278650E291826CE00CA6849 /* SMB */,
			);
		};
/* End PBXProject section */

/* Begin PBXResourcesBuildPhase section */
		E278650D291826CE00CA6849 /* Resources */ = {
			isa = PBXResourcesBuildPhase;
			buildActionMask = 2147483647;
			files = (
				E278651A291826CF00CA6849 /* Preview Assets.xcassets in Resources */,
				E2786517291826CF00CA6849 /* Assets.xcassets in Resources */,
				E2F1EC1B2947D7770007BC70 /* GoogleService-Info.plist in Resources */,
			);
			runOnlyForDeploymentPostprocessing = 0;
		};
/* End PBXResourcesBuildPhase section */

/* Begin PBXSourcesBuildPhase section */
		E278650B291826CE00CA6849 /* Sources */ = {
			isa = PBXSourcesBuildPhase;
			buildActionMask = 2147483647;
			files = (
				E2786515291826CE00CA6849 /* ListView.swift in Sources */,
				E2607D7A2922EF4E0032DE45 /* SettingsView.swift in Sources */,
				E2650E4D291D95D3007D365D /* ProductService.swift in Sources */,
				E26B658E29410E7D008F8C7A /* AuthService.swift in Sources */,
				E2650E53291DBB95007D365D /* AddProductView.swift in Sources */,
				E2786513291826CE00CA6849 /* SMBApp.swift in Sources */,
				E26B6595294115AA008F8C7A /* AuthView.swift in Sources */,
				E2650E51291D9A73007D365D /* HomeView.swift in Sources */,
				E27865232918295600CA6849 /* Product.swift in Sources */,
			);
			runOnlyForDeploymentPostprocessing = 0;
		};
/* End PBXSourcesBuildPhase section */

/* Begin XCBuildConfiguration section */
		E278651B291826CF00CA6849 /* Debug */ = {
			isa = XCBuildConfiguration;
			buildSettings = {
				ALWAYS_SEARCH_USER_PATHS = NO;
				CLANG_ANALYZER_NONNULL = YES;
				CLANG_ANALYZER_NUMBER_OBJECT_CONVERSION = YES_AGGRESSIVE;
				CLANG_CXX_LANGUAGE_STANDARD = "gnu++20";
				CLANG_ENABLE_MODULES = YES;
				CLANG_ENABLE_OBJC_ARC = YES;
				CLANG_ENABLE_OBJC_WEAK = YES;
				CLANG_WARN_BLOCK_CAPTURE_AUTORELEASING = YES;
				CLANG_WARN_BOOL_CONVERSION = YES;
				CLANG_WARN_COMMA = YES;
				CLANG_WARN_CONSTANT_CONVERSION = YES;
				CLANG_WARN_DEPRECATED_OBJC_IMPLEMENTATIONS = YES;
				CLANG_WARN_DIRECT_OBJC_ISA_USAGE = YES_ERROR;
				CLANG_WARN_DOCUMENTATION_COMMENTS = YES;
				CLANG_WARN_EMPTY_BODY = YES;
				CLANG_WARN_ENUM_CONVERSION = YES;
				CLANG_WARN_INFINITE_RECURSION = YES;
				CLANG_WARN_INT_CONVERSION = YES;
				CLANG_WARN_NON_LITERAL_NULL_CONVERSION = YES;
				CLANG_WARN_OBJC_IMPLICIT_RETAIN_SELF = YES;
				CLANG_WARN_OBJC_LITERAL_CONVERSION = YES;
				CLANG_WARN_OBJC_ROOT_CLASS = YES_ERROR;
				CLANG_WARN_QUOTED_INCLUDE_IN_FRAMEWORK_HEADER = YES;
				CLANG_WARN_RANGE_LOOP_ANALYSIS = YES;
				CLANG_WARN_STRICT_PROTOTYPES = YES;
				CLANG_WARN_SUSPICIOUS_MOVE = YES;
				CLANG_WARN_UNGUARDED_AVAILABILITY = YES_AGGRESSIVE;
				CLANG_WARN_UNREACHABLE_CODE = YES;
				CLANG_WARN__DUPLICATE_METHOD_MATCH = YES;
				COPY_PHASE_STRIP = NO;
				DEBUG_INFORMATION_FORMAT = dwarf;
				ENABLE_STRICT_OBJC_MSGSEND = YES;
				ENABLE_TESTABILITY = YES;
				GCC_C_LANGUAGE_STANDARD = gnu11;
				GCC_DYNAMIC_NO_PIC = NO;
				GCC_NO_COMMON_BLOCKS = YES;
				GCC_OPTIMIZATION_LEVEL = 0;
				GCC_PREPROCESSOR_DEFINITIONS = (
					"DEBUG=1",
					"$(inherited)",
				);
				GCC_WARN_64_TO_32_BIT_CONVERSION = YES;
				GCC_WARN_ABOUT_RETURN_TYPE = YES_ERROR;
				GCC_WARN_UNDECLARED_SELECTOR = YES;
				GCC_WARN_UNINITIALIZED_AUTOS = YES_AGGRESSIVE;
				GCC_WARN_UNUSED_FUNCTION = YES;
				GCC_WARN_UNUSED_VARIABLE = YES;
				IPHONEOS_DEPLOYMENT_TARGET = 16.1;
				MTL_ENABLE_DEBUG_INFO = INCLUDE_SOURCE;
				MTL_FAST_MATH = YES;
				ONLY_ACTIVE_ARCH = YES;
				SDKROOT = iphoneos;
				SWIFT_ACTIVE_COMPILATION_CONDITIONS = DEBUG;
				SWIFT_OPTIMIZATION_LEVEL = "-Onone";
			};
			name = Debug;
		};
		E278651C291826CF00CA6849 /* Release */ = {
			isa = XCBuildConfiguration;
			buildSettings = {
				ALWAYS_SEARCH_USER_PATHS = NO;
				CLANG_ANALYZER_NONNULL = YES;
				CLANG_ANALYZER_NUMBER_OBJECT_CONVERSION = YES_AGGRESSIVE;
				CLANG_CXX_LANGUAGE_STANDARD = "gnu++20";
				CLANG_ENABLE_MODULES = YES;
				CLANG_ENABLE_OBJC_ARC = YES;
				CLANG_ENABLE_OBJC_WEAK = YES;
				CLANG_WARN_BLOCK_CAPTURE_AUTORELEASING = YES;
				CLANG_WARN_BOOL_CONVERSION = YES;
				CLANG_WARN_COMMA = YES;
				CLANG_WARN_CONSTANT_CONVERSION = YES;
				CLANG_WARN_DEPRECATED_OBJC_IMPLEMENTATIONS = YES;
				CLANG_WARN_DIRECT_OBJC_ISA_USAGE = YES_ERROR;
				CLANG_WARN_DOCUMENTATION_COMMENTS = YES;
				CLANG_WARN_EMPTY_BODY = YES;
				CLANG_WARN_ENUM_CONVERSION = YES;
				CLANG_WARN_INFINITE_RECURSION = YES;
				CLANG_WARN_INT_CONVERSION = YES;
				CLANG_WARN_NON_LITERAL_NULL_CONVERSION = YES;
				CLANG_WARN_OBJC_IMPLICIT_RETAIN_SELF = YES;
				CLANG_WARN_OBJC_LITERAL_CONVERSION = YES;
				CLANG_WARN_OBJC_ROOT_CLASS = YES_ERROR;
				CLANG_WARN_QUOTED_INCLUDE_IN_FRAMEWORK_HEADER = YES;
				CLANG_WARN_RANGE_LOOP_ANALYSIS = YES;
				CLANG_WARN_STRICT_PROTOTYPES = YES;
				CLANG_WARN_SUSPICIOUS_MOVE = YES;
				CLANG_WARN_UNGUARDED_AVAILABILITY = YES_AGGRESSIVE;
				CLANG_WARN_UNREACHABLE_CODE = YES;
				CLANG_WARN__DUPLICATE_METHOD_MATCH = YES;
				COPY_PHASE_STRIP = NO;
				DEBUG_INFORMATION_FORMAT = "dwarf-with-dsym";
				ENABLE_NS_ASSERTIONS = NO;
				ENABLE_STRICT_OBJC_MSGSEND = YES;
				GCC_C_LANGUAGE_STANDARD = gnu11;
				GCC_NO_COMMON_BLOCKS = YES;
				GCC_WARN_64_TO_32_BIT_CONVERSION = YES;
				GCC_WARN_ABOUT_RETURN_TYPE = YES_ERROR;
				GCC_WARN_UNDECLARED_SELECTOR = YES;
				GCC_WARN_UNINITIALIZED_AUTOS = YES_AGGRESSIVE;
				GCC_WARN_UNUSED_FUNCTION = YES;
				GCC_WARN_UNUSED_VARIABLE = YES;
				IPHONEOS_DEPLOYMENT_TARGET = 16.1;
				MTL_ENABLE_DEBUG_INFO = NO;
				MTL_FAST_MATH = YES;
				SDKROOT = iphoneos;
				SWIFT_COMPILATION_MODE = wholemodule;
				SWIFT_OPTIMIZATION_LEVEL = "-O";
				VALIDATE_PRODUCT = YES;
			};
			name = Release;
		};
		E278651E291826CF00CA6849 /* Debug */ = {
			isa = XCBuildConfiguration;
			buildSettings = {
				ASSETCATALOG_COMPILER_APPICON_NAME = AppIcon;
				ASSETCATALOG_COMPILER_GLOBAL_ACCENT_COLOR_NAME = AccentColor;
				CODE_SIGN_STYLE = Automatic;
				CURRENT_PROJECT_VERSION = 1;
				DEVELOPMENT_ASSET_PATHS = "\"SMB/Preview Content\"";
				DEVELOPMENT_TEAM = LCZW4VXZ8J;
				ENABLE_PREVIEWS = YES;
				GENERATE_INFOPLIST_FILE = YES;
				INFOPLIST_KEY_UIApplicationSceneManifest_Generation = YES;
				INFOPLIST_KEY_UIApplicationSupportsIndirectInputEvents = YES;
				INFOPLIST_KEY_UILaunchScreen_Generation = YES;
				INFOPLIST_KEY_UISupportedInterfaceOrientations = UIInterfaceOrientationPortrait;
				LD_RUNPATH_SEARCH_PATHS = (
					"$(inherited)",
					"@executable_path/Frameworks",
				);
				MARKETING_VERSION = 1.0;
				PRODUCT_BUNDLE_IDENTIFIER = com.matek.SMB;
				PRODUCT_NAME = "$(TARGET_NAME)";
				SWIFT_EMIT_LOC_STRINGS = YES;
				SWIFT_VERSION = 5.0;
				TARGETED_DEVICE_FAMILY = "1,2";
			};
			name = Debug;
		};
		E278651F291826CF00CA6849 /* Release */ = {
			isa = XCBuildConfiguration;
			buildSettings = {
				ASSETCATALOG_COMPILER_APPICON_NAME = AppIcon;
				ASSETCATALOG_COMPILER_GLOBAL_ACCENT_COLOR_NAME = AccentColor;
				CODE_SIGN_STYLE = Automatic;
				CURRENT_PROJECT_VERSION = 1;
				DEVELOPMENT_ASSET_PATHS = "\"SMB/Preview Content\"";
				DEVELOPMENT_TEAM = LCZW4VXZ8J;
				ENABLE_PREVIEWS = YES;
				GENERATE_INFOPLIST_FILE = YES;
				INFOPLIST_KEY_UIApplicationSceneManifest_Generation = YES;
				INFOPLIST_KEY_UIApplicationSupportsIndirectInputEvents = YES;
				INFOPLIST_KEY_UILaunchScreen_Generation = YES;
				INFOPLIST_KEY_UISupportedInterfaceOrientations = UIInterfaceOrientationPortrait;
				LD_RUNPATH_SEARCH_PATHS = (
					"$(inherited)",
					"@executable_path/Frameworks",
				);
				MARKETING_VERSION = 1.0;
				PRODUCT_BUNDLE_IDENTIFIER = com.matek.SMB;
				PRODUCT_NAME = "$(TARGET_NAME)";
				SWIFT_EMIT_LOC_STRINGS = YES;
				SWIFT_VERSION = 5.0;
				TARGETED_DEVICE_FAMILY = "1,2";
			};
			name = Release;
		};
/* End XCBuildConfiguration section */

/* Begin XCConfigurationList section */
		E278650A291826CE00CA6849 /* Build configuration list for PBXProject "SMB" */ = {
			isa = XCConfigurationList;
			buildConfigurations = (
				E278651B291826CF00CA6849 /* Debug */,
				E278651C291826CF00CA6849 /* Release */,
			);
			defaultConfigurationIsVisible = 0;
			defaultConfigurationName = Release;
		};
		E278651D291826CF00CA6849 /* Build configuration list for PBXNativeTarget "SMB" */ = {
			isa = XCConfigurationList;
			buildConfigurations = (
				E278651E291826CF00CA6849 /* Debug */,
				E278651F291826CF00CA6849 /* Release */,
			);
			defaultConfigurationIsVisible = 0;
			defaultConfigurationName = Release;
		};
/* End XCConfigurationList section */

/* Begin XCRemoteSwiftPackageReference section */
		E2650E47291C4DAB007D365D /* XCRemoteSwiftPackageReference "SQLite.swift" */ = {
			isa = XCRemoteSwiftPackageReference;
			repositoryURL = "https://github.com/stephencelis/SQLite.swift.git";
			requirement = {
				kind = upToNextMajorVersion;
				minimumVersion = 0.14.1;
			};
		};
		E26B658F29411563008F8C7A /* XCRemoteSwiftPackageReference "firebase-ios-sdk" */ = {
			isa = XCRemoteSwiftPackageReference;
			repositoryURL = "https://github.com/firebase/firebase-ios-sdk.git";
			requirement = {
				kind = upToNextMajorVersion;
				minimumVersion = 9.0.0;
			};
		};
/* End XCRemoteSwiftPackageReference section */

/* Begin XCSwiftPackageProductDependency section */
		E2650E48291C4DAB007D365D /* SQLite */ = {
			isa = XCSwiftPackageProductDependency;
			package = E2650E47291C4DAB007D365D /* XCRemoteSwiftPackageReference "SQLite.swift" */;
			productName = SQLite;
		};
		E26B659029411563008F8C7A /* FirebaseAuth */ = {
			isa = XCSwiftPackageProductDependency;
			package = E26B658F29411563008F8C7A /* XCRemoteSwiftPackageReference "firebase-ios-sdk" */;
			productName = FirebaseAuth;
		};
		E26B6599294118F6008F8C7A /* FirebaseDatabase */ = {
			isa = XCSwiftPackageProductDependency;
			package = E26B658F29411563008F8C7A /* XCRemoteSwiftPackageReference "firebase-ios-sdk" */;
			productName = FirebaseDatabase;
		};
		E26B659B294118F6008F8C7A /* FirebaseDatabaseSwift */ = {
			isa = XCSwiftPackageProductDependency;
			package = E26B658F29411563008F8C7A /* XCRemoteSwiftPackageReference "firebase-ios-sdk" */;
			productName = FirebaseDatabaseSwift;
		};
/* End XCSwiftPackageProductDependency section */
	};
	rootObject = E2786507291826CE00CA6849 /* Project object */;
}
